
Microsoft Visual Studio Solution File, Format Version 12.00
# Visual Studio Version 16
VisualStudioVersion = 16.0.29728.190
MinimumVisualStudioVersion = 10.0.40219.1
Project("{FAE04EC0-301F-11D3-BF4B-00C04F79EFBC}") = "ClassLibraryControlSelected", "ClassLibraryControlSelected\ClassLibraryControlSelected.csproj", "{75C09C99-6C7D-4AFC-AA84-5FC6AB166F57}"
EndProject
Project("{FAE04EC0-301F-11D3-BF4B-00C04F79EFBC}") = "TestControl", "TestControl\TestControl.csproj", "{51437833-8326-491D-839B-700C8BC3902A}"
EndProject
Project("{FAE04EC0-301F-11D3-BF4B-00C04F79EFBC}") = "Var35n6n18n27", "Var35n6n18n27\Var35n6n18n27.csproj", "{B48724CA-07BC-4967-84C0-741F337D14A8}"
EndProject
Global
	GlobalSection(SolutionConfigurationPlatforms) = preSolution
		Debug|Any CPU = Debug|Any CPU
		Release|Any CPU = Release|Any CPU
	EndGlobalSection
	GlobalSection(ProjectConfigurationPlatforms) = postSolution
		{75C09C99-6C7D-4AFC-AA84-5FC6AB166F57}.Debug|Any CPU.ActiveCfg = Debug|Any CPU
		{75C09C99-6C7D-4AFC-AA84-5FC6AB166F57}.Debug|Any CPU.Build.0 = Debug|Any CPU
		{75C09C99-6C7D-4AFC-AA84-5FC6AB166F57}.Release|Any CPU.ActiveCfg = Release|Any CPU
		{75C09C99-6C7D-4AFC-AA84-5FC6AB166F57}.Release|Any CPU.Build.0 = Release|Any CPU
		{51437833-8326-491D-839B-700C8BC3902A}.Debug|Any CPU.ActiveCfg = Debug|Any CPU
		{51437833-8326-491D-839B-700C8BC3902A}.Debug|Any CPU.Build.0 = Debug|Any CPU
		{51437833-8326-491D-839B-700C8BC3902A}.Release|Any CPU.ActiveCfg = Release|Any CPU
		{51437833-8326-491D-839B-700C8BC3902A}.Release|Any CPU.Build.0 = Release|Any CPU
		{B48724CA-07BC-4967-84C0-741F337D14A8}.Debug|Any CPU.ActiveCfg = Debug|Any CPU
		{B48724CA-07BC-4967-84C0-741F337D14A8}.Debug|Any CPU.Build.0 = Debug|Any CPU
		{B48724CA-07BC-4967-84C0-741F337D14A8}.Release|Any CPU.ActiveCfg = Release|Any CPU
		{B48724CA-07BC-4967-84C0-741F337D14A8}.Release|Any CPU.Build.0 = Release|Any CPU
	EndGlobalSection
	GlobalSection(SolutionProperties) = preSolution
		HideSolutionNode = FALSE
	EndGlobalSection
	GlobalSection(ExtensibilityGlobals) = postSolution
		SolutionGuid = {5BEE08C3-89C9-406D-9632-66286FA8C16C}
	EndGlobalSection
EndGlobal
